{
  "name": "service-foo",
  "version": "1.0.0",
  "lockfileVersion": 2,
  "requires": true,
  "packages": {
    "": {
      "version": "1.0.0",
      "license": "MIT",
      "dependencies": {
        "lib-bar": "file:../lib-bar"
      }
    },
    "../lib-bar": {
      "version": "1.0.0",
      "license": "MIT"
    },
    "node_modules/lib-bar": {
      "resolved": "../lib-bar",
      "link": true
    }
  },
  "dependencies": {
    "lib-bar": {
      "version": "file:../lib-bar"
    }
  }
}
