{
  "name": "nested-services",
  "version": "1.0.0",
  "lockfileVersion": 1,
  "requires": true,
  "dependencies": {
    "@types/node": {
      "version": "13.7.0",
      "resolved": "https://registry.npmjs.org/@types/node/-/node-13.7.0.tgz",
      "integrity": "sha512-GnZbirvmqZUzMgkFn70c74OQpTTUcCzlhQliTzYjQMqg+hVKcDnxdL19Ne3UdYzdMA/+W3eb646FWn/ZaT1NfQ=="
    },
    "stripe": {
      "version": "8.14.0",
      "resolved": "https://registry.npmjs.org/stripe/-/stripe-8.14.0.tgz",
      "integrity": "sha512-EbJFWVVM5xog/yxSimn4ZEUdBlqpixhchRp9d5xz69CLGFT4SQxdp1sB+A9iIk5mKipFMm31sEXx4cYsvRyjKA==",
      "requires": {
        "@types/node": ">=8.1.0",
        "qs": "^6.6.0"
      },
      "dependencies": {
        "qs": {
          "version": "6.9.1",
          "resolved": "https://registry.npmjs.org/qs/-/qs-6.9.1.tgz",
          "integrity": "sha512-Cxm7/SS/y/Z3MHWSxXb8lIFqgqBowP5JMlTUFyJN88y0SGQhVmZnqFK/PeuMX9LzUyWsqqhNxIyg0jlzq946yA=="
        }
      }
    }
  }
}
