{
  "name": "force-exclude",
  "version": "1.0.0",
  "lockfileVersion": 1,
  "requires": true,
  "dependencies": {
    "is-sorted": {
      "version": "1.0.5",
      "resolved": "https://registry.npmjs.org/is-sorted/-/is-sorted-1.0.5.tgz",
      "integrity": "sha512-KZJvKDrI+Kg3ixeDaZQIt7RIwcGnm07+NSipyj1r9MtjDrLG678ETy4yO6dBJLUjejPdge9fLCGxsWkQO/3PJg=="
    }
  }
}
