{
  "name": "esbuild",
  "version": "1.0.0",
  "lockfileVersion": 2,
  "requires": true,
  "packages": {
    "": {
      "version": "1.0.0",
      "license": "ISC",
      "devDependencies": {
        "esbuild-loader": "^2.9.2",
        "reflect-metadata": "^0.1.13"
      }
    },
    "node_modules/big.js": {
      "version": "5.2.2",
      "resolved": "https://registry.npmjs.org/big.js/-/big.js-5.2.2.tgz",
      "integrity": "sha512-vyL2OymJxmarO8gxMr0mhChsO9QGwhynfuu4+MHTAW6czfq9humCB7rKpUjDd9YUiDPU4mzpyupFSvOClAwbmQ==",
      "dev": true,
      "engines": {
        "node": "*"
      }
    },
    "node_modules/emojis-list": {
      "version": "3.0.0",
      "resolved": "https://registry.npmjs.org/emojis-list/-/emojis-list-3.0.0.tgz",
      "integrity": "sha512-/kyM18EfinwXZbno9FyUGeFh87KC8HRQBQGildHZbEuRyWFOmv1U10o9BBp8XVZDVNNuQKyIGIu5ZYAAXJ0V2Q==",
      "dev": true,
      "engines": {
        "node": ">= 4"
      }
    },
    "node_modules/esbuild": {
      "version": "0.8.55",
      "resolved": "https://registry.npmjs.org/esbuild/-/esbuild-0.8.55.tgz",
      "integrity": "sha512-mM/s7hjYe5mQR+zAWOM5JVrCtYCke182E9l1Bbs6rG5EDP3b1gZF9sHZka53PD/iNt6OccymVZRWkTtBfcKW4w==",
      "dev": true,
      "hasInstallScript": true,
      "bin": {
        "esbuild": "bin/esbuild"
      }
    },
    "node_modules/esbuild-loader": {
      "version": "2.9.2",
      "resolved": "https://registry.npmjs.org/esbuild-loader/-/esbuild-loader-2.9.2.tgz",
      "integrity": "sha512-HpF+r/ES2aC40VDOIFsP8OIOM2y2vj8LyLwJ4G8DCMOi8Kov68TwCtxiMMTuSuxR/xKDu/ykgVyCEgps6BXpYw==",
      "dev": true,
      "dependencies": {
        "esbuild": "^0.8.42",
        "joycon": "^2.2.5",
        "json5": "^2.2.0",
        "loader-utils": "^2.0.0",
        "type-fest": "^0.20.2",
        "webpack-sources": "^2.2.0"
      }
    },
    "node_modules/joycon": {
      "version": "2.2.5",
      "resolved": "https://registry.npmjs.org/joycon/-/joycon-2.2.5.tgz",
      "integrity": "sha512-YqvUxoOcVPnCp0VU1/56f+iKSdvIRJYPznH22BdXV3xMk75SFXhWeJkZ8C9XxUWt1b5x2X1SxuFygW1U0FmkEQ==",
      "dev": true,
      "engines": {
        "node": ">=6"
      }
    },
    "node_modules/json5": {
      "version": "2.2.0",
      "resolved": "https://registry.npmjs.org/json5/-/json5-2.2.0.tgz",
      "integrity": "sha512-f+8cldu7X/y7RAJurMEJmdoKXGB/X550w2Nr3tTbezL6RwEE/iMcm+tZnXeoZtKuOq6ft8+CqzEkrIgx1fPoQA==",
      "dev": true,
      "dependencies": {
        "minimist": "^1.2.5"
      },
      "bin": {
        "json5": "lib/cli.js"
      },
      "engines": {
        "node": ">=6"
      }
    },
    "node_modules/loader-utils": {
      "version": "2.0.0",
      "resolved": "https://registry.npmjs.org/loader-utils/-/loader-utils-2.0.0.tgz",
      "integrity": "sha512-rP4F0h2RaWSvPEkD7BLDFQnvSf+nK+wr3ESUjNTyAGobqrijmW92zc+SO6d4p4B1wh7+B/Jg1mkQe5NYUEHtHQ==",
      "dev": true,
      "dependencies": {
        "big.js": "^5.2.2",
        "emojis-list": "^3.0.0",
        "json5": "^2.1.2"
      },
      "engines": {
        "node": ">=8.9.0"
      }
    },
    "node_modules/minimist": {
      "version": "1.2.6",
      "resolved": "https://registry.npmjs.org/minimist/-/minimist-1.2.6.tgz",
      "integrity": "sha512-Jsjnk4bw3YJqYzbdyBiNsPWHPfO++UGG749Cxs6peCu5Xg4nrena6OVxOYxrQTqww0Jmwt+Ref8rggumkTLz9Q==",
      "dev": true
    },
    "node_modules/reflect-metadata": {
      "version": "0.1.13",
      "resolved": "https://registry.npmjs.org/reflect-metadata/-/reflect-metadata-0.1.13.tgz",
      "integrity": "sha512-Ts1Y/anZELhSsjMcU605fU9RE4Oi3p5ORujwbIKXfWa+0Zxs510Qrmrce5/Jowq3cHSZSJqBjypxmHarc+vEWg==",
      "dev": true
    },
    "node_modules/source-list-map": {
      "version": "2.0.1",
      "resolved": "https://registry.npmjs.org/source-list-map/-/source-list-map-2.0.1.tgz",
      "integrity": "sha512-qnQ7gVMxGNxsiL4lEuJwe/To8UnK7fAnmbGEEH8RpLouuKbeEm0lhbQVFIrNSuB+G7tVrAlVsZgETT5nljf+Iw==",
      "dev": true
    },
    "node_modules/source-map": {
      "version": "0.6.1",
      "resolved": "https://registry.npmjs.org/source-map/-/source-map-0.6.1.tgz",
      "integrity": "sha512-UjgapumWlbMhkBgzT7Ykc5YXUT46F0iKu8SGXq0bcwP5dz/h0Plj6enJqjz1Zbq2l5WaqYnrVbwWOWMyF3F47g==",
      "dev": true,
      "engines": {
        "node": ">=0.10.0"
      }
    },
    "node_modules/type-fest": {
      "version": "0.20.2",
      "resolved": "https://registry.npmjs.org/type-fest/-/type-fest-0.20.2.tgz",
      "integrity": "sha512-Ne+eE4r0/iWnpAxD852z3A+N0Bt5RN//NjJwRd2VFHEmrywxf5vsZlh4R6lixl6B+wz/8d+maTSAkN1FIkI3LQ==",
      "dev": true,
      "engines": {
        "node": ">=10"
      }
    },
    "node_modules/webpack-sources": {
      "version": "2.2.0",
      "resolved": "https://registry.npmjs.org/webpack-sources/-/webpack-sources-2.2.0.tgz",
      "integrity": "sha512-bQsA24JLwcnWGArOKUxYKhX3Mz/nK1Xf6hxullKERyktjNMC4x8koOeaDNTA2fEJ09BdWLbM/iTW0ithREUP0w==",
      "dev": true,
      "dependencies": {
        "source-list-map": "^2.0.1",
        "source-map": "^0.6.1"
      },
      "engines": {
        "node": ">=10.13.0"
      }
    }
  },
  "dependencies": {
    "big.js": {
      "version": "5.2.2",
      "resolved": "https://registry.npmjs.org/big.js/-/big.js-5.2.2.tgz",
      "integrity": "sha512-vyL2OymJxmarO8gxMr0mhChsO9QGwhynfuu4+MHTAW6czfq9humCB7rKpUjDd9YUiDPU4mzpyupFSvOClAwbmQ==",
      "dev": true
    },
    "emojis-list": {
      "version": "3.0.0",
      "resolved": "https://registry.npmjs.org/emojis-list/-/emojis-list-3.0.0.tgz",
      "integrity": "sha512-/kyM18EfinwXZbno9FyUGeFh87KC8HRQBQGildHZbEuRyWFOmv1U10o9BBp8XVZDVNNuQKyIGIu5ZYAAXJ0V2Q==",
      "dev": true
    },
    "esbuild": {
      "version": "0.8.55",
      "resolved": "https://registry.npmjs.org/esbuild/-/esbuild-0.8.55.tgz",
      "integrity": "sha512-mM/s7hjYe5mQR+zAWOM5JVrCtYCke182E9l1Bbs6rG5EDP3b1gZF9sHZka53PD/iNt6OccymVZRWkTtBfcKW4w==",
      "dev": true
    },
    "esbuild-loader": {
      "version": "2.9.2",
      "resolved": "https://registry.npmjs.org/esbuild-loader/-/esbuild-loader-2.9.2.tgz",
      "integrity": "sha512-HpF+r/ES2aC40VDOIFsP8OIOM2y2vj8LyLwJ4G8DCMOi8Kov68TwCtxiMMTuSuxR/xKDu/ykgVyCEgps6BXpYw==",
      "dev": true,
      "requires": {
        "esbuild": "^0.8.42",
        "joycon": "^2.2.5",
        "json5": "^2.2.0",
        "loader-utils": "^2.0.0",
        "type-fest": "^0.20.2",
        "webpack-sources": "^2.2.0"
      }
    },
    "joycon": {
      "version": "2.2.5",
      "resolved": "https://registry.npmjs.org/joycon/-/joycon-2.2.5.tgz",
      "integrity": "sha512-YqvUxoOcVPnCp0VU1/56f+iKSdvIRJYPznH22BdXV3xMk75SFXhWeJkZ8C9XxUWt1b5x2X1SxuFygW1U0FmkEQ==",
      "dev": true
    },
    "json5": {
      "version": "2.2.0",
      "resolved": "https://registry.npmjs.org/json5/-/json5-2.2.0.tgz",
      "integrity": "sha512-f+8cldu7X/y7RAJurMEJmdoKXGB/X550w2Nr3tTbezL6RwEE/iMcm+tZnXeoZtKuOq6ft8+CqzEkrIgx1fPoQA==",
      "dev": true,
      "requires": {
        "minimist": "^1.2.5"
      }
    },
    "loader-utils": {
      "version": "2.0.0",
      "resolved": "https://registry.npmjs.org/loader-utils/-/loader-utils-2.0.0.tgz",
      "integrity": "sha512-rP4F0h2RaWSvPEkD7BLDFQnvSf+nK+wr3ESUjNTyAGobqrijmW92zc+SO6d4p4B1wh7+B/Jg1mkQe5NYUEHtHQ==",
      "dev": true,
      "requires": {
        "big.js": "^5.2.2",
        "emojis-list": "^3.0.0",
        "json5": "^2.1.2"
      }
    },
    "minimist": {
      "version": "1.2.6",
      "resolved": "https://registry.npmjs.org/minimist/-/minimist-1.2.6.tgz",
      "integrity": "sha512-Jsjnk4bw3YJqYzbdyBiNsPWHPfO++UGG749Cxs6peCu5Xg4nrena6OVxOYxrQTqww0Jmwt+Ref8rggumkTLz9Q==",
      "dev": true
    },
    "reflect-metadata": {
      "version": "0.1.13",
      "resolved": "https://registry.npmjs.org/reflect-metadata/-/reflect-metadata-0.1.13.tgz",
      "integrity": "sha512-Ts1Y/anZELhSsjMcU605fU9RE4Oi3p5ORujwbIKXfWa+0Zxs510Qrmrce5/Jowq3cHSZSJqBjypxmHarc+vEWg==",
      "dev": true
    },
    "source-list-map": {
      "version": "2.0.1",
      "resolved": "https://registry.npmjs.org/source-list-map/-/source-list-map-2.0.1.tgz",
      "integrity": "sha512-qnQ7gVMxGNxsiL4lEuJwe/To8UnK7fAnmbGEEH8RpLouuKbeEm0lhbQVFIrNSuB+G7tVrAlVsZgETT5nljf+Iw==",
      "dev": true
    },
    "source-map": {
      "version": "0.6.1",
      "resolved": "https://registry.npmjs.org/source-map/-/source-map-0.6.1.tgz",
      "integrity": "sha512-UjgapumWlbMhkBgzT7Ykc5YXUT46F0iKu8SGXq0bcwP5dz/h0Plj6enJqjz1Zbq2l5WaqYnrVbwWOWMyF3F47g==",
      "dev": true
    },
    "type-fest": {
      "version": "0.20.2",
      "resolved": "https://registry.npmjs.org/type-fest/-/type-fest-0.20.2.tgz",
      "integrity": "sha512-Ne+eE4r0/iWnpAxD852z3A+N0Bt5RN//NjJwRd2VFHEmrywxf5vsZlh4R6lixl6B+wz/8d+maTSAkN1FIkI3LQ==",
      "dev": true
    },
    "webpack-sources": {
      "version": "2.2.0",
      "resolved": "https://registry.npmjs.org/webpack-sources/-/webpack-sources-2.2.0.tgz",
      "integrity": "sha512-bQsA24JLwcnWGArOKUxYKhX3Mz/nK1Xf6hxullKERyktjNMC4x8koOeaDNTA2fEJ09BdWLbM/iTW0ithREUP0w==",
      "dev": true,
      "requires": {
        "source-list-map": "^2.0.1",
        "source-map": "^0.6.1"
      }
    }
  }
}
