{
  "name": "typescript-jest",
  "version": "1.0.0",
  "lockfileVersion": 1,
  "requires": true,
  "dependencies": {
    "@types/aws-lambda": {
      "version": "8.10.64",
      "resolved": "https://registry.npmjs.org/@types/aws-lambda/-/aws-lambda-8.10.64.tgz",
      "integrity": "sha512-LRKk2UQCSi7BsO5TlfSI8cTNpOGz+MH6+RXEWtuZmxJficQgxwEYJDiKVirzgyiHce0L0F4CqCVvKTwblAeOUw==",
      "dev": true
    }
  }
}
